{
  "meteor": {},
  "dependencies": {
    "basePackages": {
      "user-status": {},
      "collection-hooks": {},
      "iron-router": {},
      "npm": {},
      "gravatar": {},
      "fast-render": {}
    },
    "packages": {
      "user-status": {
        "git": "https://github.com/mizzao/meteor-user-status.git",
        "tag": "v0.4.0",
        "commit": "e2a1c7a4075f28b87b361387688e083a4b047a08"
      },
      "collection-hooks": {
        "git": "https://github.com/matb33/meteor-collection-hooks.git",
        "tag": "v0.6.7",
        "commit": "f1d2ac629864edda09df6c955fa5ff3df26f739c"
      },
      "iron-router": {
        "git": "https://github.com/EventedMind/iron-router.git",
        "tag": "v0.7.1",
        "commit": "d1ffb3f06ea4c112132b030f2eb1a70b81675ecb"
      },
      "npm": {
        "git": "https://github.com/arunoda/meteor-npm.git",
        "tag": "v0.2.6",
        "commit": "177ab6118de5bf8cffb19481343d5762ff7a2aaf"
      },
      "gravatar": {
        "git": "https://github.com/tmeasday/meteor-gravatar.git",
        "tag": "v0.0.4",
        "commit": "d1052ff4401725c23fb199c0e0a36e29b926bc22"
      },
      "fast-render": {
        "git": "https://github.com/arunoda/meteor-fast-render.git",
        "tag": "v0.2.5",
        "commit": "93e2fb334e55fbe9b5ebb2a2e65964018658f43e"
      },
      "timesync": {
        "git": "https://github.com/mizzao/meteor-timesync.git",
        "tag": "v0.1.6",
        "commit": "83067433f511bc13a11ae8c87e9a4d331256915e"
      },
      "blaze-layout": {
        "git": "https://github.com/EventedMind/blaze-layout.git",
        "tag": "v0.2.4",
        "commit": "b40e9b0612329288d75cf52ad14a7da64bb8618f"
      },
      "crypto-md5": {
        "git": "https://github.com/oortcloud/meteor-crypto-md5.git",
        "tag": "v3.1.2.2",
        "commit": "75bbb3eeace302122d3554a6212a6fe92553fa18"
      },
      "crypto-base": {
        "git": "https://github.com/oortcloud/meteor-crypto-base.git",
        "tag": "v3.1.2.1",
        "commit": "5df8d82a0595553415bbfae2930c6ecbeece5794"
      }
    }
  }
}
