{
  "meteor": {},
  "dependencies": {
    "basePackages": {
      "user-status": {},
      "collection-hooks": {},
      "iron-router": {
        "git": "https://github.com/EventedMind/iron-router",
        "branch": "shark"
      }
    },
    "packages": {
      "user-status": {
        "git": "https://github.com/mizzao/meteor-user-status.git",
        "tag": "v0.1.5",
        "commit": "0169a468e57155f1d61fc2b1cd76bc9ca51c7313"
      },
      "collection-hooks": {
        "git": "https://github.com/matb33/meteor-collection-hooks.git",
        "tag": "v0.5.4",
        "commit": "7f286358af49ffc1a63e97354f2f306a911bacc0"
      },
      "iron-router": {
        "git": "https://github.com/EventedMind/iron-router",
        "branch": "shark",
        "commit": "5a18f6f201da3d9aa1a95289cef790b1f7b2c44f"
      }
    }
  }
}
